// !$*UTF8*$!
{
	archiveVersion = 1;
	classes = {
	};
	objectVersion = 51;
	objects = {

/* Begin PBXBuildFile section */
		643EB9BB26937683006DE187 /* EditItemViewController.swift in Sources */ = {isa = PBXBuildFile; fileRef = 643EB9BA26937683006DE187 /* EditItemViewController.swift */; };
		6442189C2653F93B00EA3138 /* CategoryViewController.swift in Sources */ = {isa = PBXBuildFile; fileRef = 6442189B2653F93B00EA3138 /* CategoryViewController.swift */; };
		645F4622264D075000D4A467 /* AppDelegate.swift in Sources */ = {isa = PBXBuildFile; fileRef = 645F4621264D075000D4A467 /* AppDelegate.swift */; };
		645F4624264D075000D4A467 /* SceneDelegate.swift in Sources */ = {isa = PBXBuildFile; fileRef = 645F4623264D075000D4A467 /* SceneDelegate.swift */; };
		645F4626264D075000D4A467 /* TodoViewController.swift in Sources */ = {isa = PBXBuildFile; fileRef = 645F4625264D075000D4A467 /* TodoViewController.swift */; };
		645F4629264D075000D4A467 /* Main.storyboard in Resources */ = {isa = PBXBuildFile; fileRef = 645F4627264D075000D4A467 /* Main.storyboard */; };
		645F462C264D075000D4A467 /* Todo_iOS.xcdatamodeld in Sources */ = {isa = PBXBuildFile; fileRef = 645F462A264D075000D4A467 /* Todo_iOS.xcdatamodeld */; };
		645F462E264D075000D4A467 /* Assets.xcassets in Resources */ = {isa = PBXBuildFile; fileRef = 645F462D264D075000D4A467 /* Assets.xcassets */; };
		645F4631264D075000D4A467 /* LaunchScreen.storyboard in Resources */ = {isa = PBXBuildFile; fileRef = 645F462F264D075000D4A467 /* LaunchScreen.storyboard */; };
		645F463C264D0B2700D4A467 /* Constants.swift in Sources */ = {isa = PBXBuildFile; fileRef = 645F463B264D0B2700D4A467 /* Constants.swift */; };
		6468B09626550ECA009AF28A /* SwipeTableViewController.swift in Sources */ = {isa = PBXBuildFile; fileRef = 6468B09526550ECA009AF28A /* SwipeTableViewController.swift */; };
		646A7A9A26943E0D008E2E9F /* EditCategoryViewController.swift in Sources */ = {isa = PBXBuildFile; fileRef = 646A7A9926943E0D008E2E9F /* EditCategoryViewController.swift */; };
		B79F52F9C4EBA755EA57AD1B /* Pods_Todo_iOS.framework in Frameworks */ = {isa = PBXBuildFile; fileRef = A54F08EDD615D8BD310FEF57 /* Pods_Todo_iOS.framework */; };
/* End PBXBuildFile section */

/* Begin PBXFileReference section */
		643EB9BA26937683006DE187 /* EditItemViewController.swift */ = {isa = PBXFileReference; lastKnownFileType = sourcecode.swift; path = EditItemViewController.swift; sourceTree = "<group>"; };
		6442189B2653F93B00EA3138 /* CategoryViewController.swift */ = {isa = PBXFileReference; lastKnownFileType = sourcecode.swift; path = CategoryViewController.swift; sourceTree = "<group>"; };
		645F461E264D075000D4A467 /* Todo iOS.app */ = {isa = PBXFileReference; explicitFileType = wrapper.application; includeInIndex = 0; path = "Todo iOS.app"; sourceTree = BUILT_PRODUCTS_DIR; };
		645F4621264D075000D4A467 /* AppDelegate.swift */ = {isa = PBXFileReference; lastKnownFileType = sourcecode.swift; path = AppDelegate.swift; sourceTree = "<group>"; };
		645F4623264D075000D4A467 /* SceneDelegate.swift */ = {isa = PBXFileReference; lastKnownFileType = sourcecode.swift; path = SceneDelegate.swift; sourceTree = "<group>"; };
		645F4625264D075000D4A467 /* TodoViewController.swift */ = {isa = PBXFileReference; lastKnownFileType = sourcecode.swift; path = TodoViewController.swift; sourceTree = "<group>"; };
		645F4628264D075000D4A467 /* Base */ = {isa = PBXFileReference; lastKnownFileType = file.storyboard; name = Base; path = Base.lproj/Main.storyboard; sourceTree = "<group>"; };
		645F462B264D075000D4A467 /* Todo_iOS.xcdatamodel */ = {isa = PBXFileReference; lastKnownFileType = wrapper.xcdatamodel; path = Todo_iOS.xcdatamodel; sourceTree = "<group>"; };
		645F462D264D075000D4A467 /* Assets.xcassets */ = {isa = PBXFileReference; lastKnownFileType = folder.assetcatalog; path = Assets.xcassets; sourceTree = "<group>"; };
		645F4630264D075000D4A467 /* Base */ = {isa = PBXFileReference; lastKnownFileType = file.storyboard; name = Base; path = Base.lproj/LaunchScreen.storyboard; sourceTree = "<group>"; };
		645F4632264D075000D4A467 /* Info.plist */ = {isa = PBXFileReference; lastKnownFileType = text.plist.xml; path = Info.plist; sourceTree = "<group>"; };
		645F463B264D0B2700D4A467 /* Constants.swift */ = {isa = PBXFileReference; lastKnownFileType = sourcecode.swift; path = Constants.swift; sourceTree = "<group>"; };
		6468B09526550ECA009AF28A /* SwipeTableViewController.swift */ = {isa = PBXFileReference; lastKnownFileType = sourcecode.swift; path = SwipeTableViewController.swift; sourceTree = "<group>"; };
		646A7A9926943E0D008E2E9F /* EditCategoryViewController.swift */ = {isa = PBXFileReference; lastKnownFileType = sourcecode.swift; path = EditCategoryViewController.swift; sourceTree = "<group>"; };
		A54F08EDD615D8BD310FEF57 /* Pods_Todo_iOS.framework */ = {isa = PBXFileReference; explicitFileType = wrapper.framework; includeInIndex = 0; path = Pods_Todo_iOS.framework; sourceTree = BUILT_PRODUCTS_DIR; };
		C8CE1A4DA03BC2E046375EB1 /* Pods-Todo iOS.release.xcconfig */ = {isa = PBXFileReference; includeInIndex = 1; lastKnownFileType = text.xcconfig; name = "Pods-Todo iOS.release.xcconfig"; path = "Target Support Files/Pods-Todo iOS/Pods-Todo iOS.release.xcconfig"; sourceTree = "<group>"; };
		F9723A83C21D510763E40D13 /* Pods-Todo iOS.debug.xcconfig */ = {isa = PBXFileReference; includeInIndex = 1; lastKnownFileType = text.xcconfig; name = "Pods-Todo iOS.debug.xcconfig"; path = "Target Support Files/Pods-Todo iOS/Pods-Todo iOS.debug.xcconfig"; sourceTree = "<group>"; };
/* End PBXFileReference section */

/* Begin PBXFrameworksBuildPhase section */
		645F461B264D075000D4A467 /* Frameworks */ = {
			isa = PBXFrameworksBuildPhase;
			buildActionMask = 2147483647;
			files = (
				B79F52F9C4EBA755EA57AD1B /* Pods_Todo_iOS.framework in Frameworks */,
			);
			runOnlyForDeploymentPostprocessing = 0;
		};
/* End PBXFrameworksBuildPhase section */

/* Begin PBXGroup section */
		645F4615264D075000D4A467 = {
			isa = PBXGroup;
			children = (
				645F4620264D075000D4A467 /* Todo iOS */,
				645F461F264D075000D4A467 /* Products */,
				F070689863FFADA7575123CC /* Pods */,
				A2843FB8308A9FA8311E92CB /* Frameworks */,
			);
			sourceTree = "<group>";
		};
		645F461F264D075000D4A467 /* Products */ = {
			isa = PBXGroup;
			children = (
				645F461E264D075000D4A467 /* Todo iOS.app */,
			);
			name = Products;
			sourceTree = "<group>";
		};
		645F4620264D075000D4A467 /* Todo iOS */ = {
			isa = PBXGroup;
			children = (
				645F463A264D07BA00D4A467 /* Controller */,
				645F4639264D07B500D4A467 /* View */,
				645F4638264D07B000D4A467 /* Model */,
				645F4621264D075000D4A467 /* AppDelegate.swift */,
				645F463B264D0B2700D4A467 /* Constants.swift */,
				645F4623264D075000D4A467 /* SceneDelegate.swift */,
				645F462D264D075000D4A467 /* Assets.xcassets */,
				645F462F264D075000D4A467 /* LaunchScreen.storyboard */,
				645F4632264D075000D4A467 /* Info.plist */,
			);
			path = "Todo iOS";
			sourceTree = "<group>";
		};
		645F4638264D07B000D4A467 /* Model */ = {
			isa = PBXGroup;
			children = (
				645F462A264D075000D4A467 /* Todo_iOS.xcdatamodeld */,
			);
			path = Model;
			sourceTree = "<group>";
		};
		645F4639264D07B500D4A467 /* View */ = {
			isa = PBXGroup;
			children = (
				645F4627264D075000D4A467 /* Main.storyboard */,
			);
			path = View;
			sourceTree = "<group>";
		};
		645F463A264D07BA00D4A467 /* Controller */ = {
			isa = PBXGroup;
			children = (
				6468B09526550ECA009AF28A /* SwipeTableViewController.swift */,
				6442189B2653F93B00EA3138 /* CategoryViewController.swift */,
				645F4625264D075000D4A467 /* TodoViewController.swift */,
				643EB9BA26937683006DE187 /* EditItemViewController.swift */,
				646A7A9926943E0D008E2E9F /* EditCategoryViewController.swift */,
			);
			path = Controller;
			sourceTree = "<group>";
		};
		A2843FB8308A9FA8311E92CB /* Frameworks */ = {
			isa = PBXGroup;
			children = (
				A54F08EDD615D8BD310FEF57 /* Pods_Todo_iOS.framework */,
			);
			name = Frameworks;
			sourceTree = "<group>";
		};
		F070689863FFADA7575123CC /* Pods */ = {
			isa = PBXGroup;
			children = (
				F9723A83C21D510763E40D13 /* Pods-Todo iOS.debug.xcconfig */,
				C8CE1A4DA03BC2E046375EB1 /* Pods-Todo iOS.release.xcconfig */,
			);
			path = Pods;
			sourceTree = "<group>";
		};
/* End PBXGroup section */

/* Begin PBXNativeTarget section */
		645F461D264D075000D4A467 /* Todo iOS */ = {
			isa = PBXNativeTarget;
			buildConfigurationList = 645F4635264D075000D4A467 /* Build configuration list for PBXNativeTarget "Todo iOS" */;
			buildPhases = (
				19029B2FBF74581F0E3AF6E4 /* [CP] Check Pods Manifest.lock */,
				645F461A264D075000D4A467 /* Sources */,
				645F461B264D075000D4A467 /* Frameworks */,
				645F461C264D075000D4A467 /* Resources */,
				8F4FB4C5C647CF1EB3452FFF /* [CP] Embed Pods Frameworks */,
			);
			buildRules = (
			);
			dependencies = (
			);
			name = "Todo iOS";
			productName = "Todo iOS";
			productReference = 645F461E264D075000D4A467 /* Todo iOS.app */;
			productType = "com.apple.product-type.application";
		};
/* End PBXNativeTarget section */

/* Begin PBXProject section */
		645F4616264D075000D4A467 /* Project object */ = {
			isa = PBXProject;
			attributes = {
				LastSwiftUpdateCheck = 1250;
				LastUpgradeCheck = 1250;
				TargetAttributes = {
					645F461D264D075000D4A467 = {
						CreatedOnToolsVersion = 12.5;
					};
				};
			};
			buildConfigurationList = 645F4619264D075000D4A467 /* Build configuration list for PBXProject "Todo iOS" */;
			compatibilityVersion = "Xcode 9.3";
			developmentRegion = en;
			hasScannedForEncodings = 0;
			knownRegions = (
				en,
				Base,
			);
			mainGroup = 645F4615264D075000D4A467;
			productRefGroup = 645F461F264D075000D4A467 /* Products */;
			projectDirPath = "";
			projectRoot = "";
			targets = (
				645F461D264D075000D4A467 /* Todo iOS */,
			);
		};
/* End PBXProject section */

/* Begin PBXResourcesBuildPhase section */
		645F461C264D075000D4A467 /* Resources */ = {
			isa = PBXResourcesBuildPhase;
			buildActionMask = 2147483647;
			files = (
				645F4631264D075000D4A467 /* LaunchScreen.storyboard in Resources */,
				645F462E264D075000D4A467 /* Assets.xcassets in Resources */,
				645F4629264D075000D4A467 /* Main.storyboard in Resources */,
			);
			runOnlyForDeploymentPostprocessing = 0;
		};
/* End PBXResourcesBuildPhase section */

/* Begin PBXShellScriptBuildPhase section */
		19029B2FBF74581F0E3AF6E4 /* [CP] Check Pods Manifest.lock */ = {
			isa = PBXShellScriptBuildPhase;
			buildActionMask = 2147483647;
			files = (
			);
			inputFileListPaths = (
			);
			inputPaths = (
				"${PODS_PODFILE_DIR_PATH}/Podfile.lock",
				"${PODS_ROOT}/Manifest.lock",
			);
			name = "[CP] Check Pods Manifest.lock";
			outputFileListPaths = (
			);
			outputPaths = (
				"$(DERIVED_FILE_DIR)/Pods-Todo iOS-checkManifestLockResult.txt",
			);
			runOnlyForDeploymentPostprocessing = 0;
			shellPath = /bin/sh;
			shellScript = "diff \"${PODS_PODFILE_DIR_PATH}/Podfile.lock\" \"${PODS_ROOT}/Manifest.lock\" > /dev/null\nif [ $? != 0 ] ; then\n    # print error to STDERR\n    echo \"error: The sandbox is not in sync with the Podfile.lock. Run 'pod install' or update your CocoaPods installation.\" >&2\n    exit 1\nfi\n# This output is used by Xcode 'outputs' to avoid re-running this script phase.\necho \"SUCCESS\" > \"${SCRIPT_OUTPUT_FILE_0}\"\n";
			showEnvVarsInLog = 0;
		};
		8F4FB4C5C647CF1EB3452FFF /* [CP] Embed Pods Frameworks */ = {
			isa = PBXShellScriptBuildPhase;
			buildActionMask = 2147483647;
			files = (
			);
			inputFileListPaths = (
				"${PODS_ROOT}/Target Support Files/Pods-Todo iOS/Pods-Todo iOS-frameworks-${CONFIGURATION}-input-files.xcfilelist",
			);
			name = "[CP] Embed Pods Frameworks";
			outputFileListPaths = (
				"${PODS_ROOT}/Target Support Files/Pods-Todo iOS/Pods-Todo iOS-frameworks-${CONFIGURATION}-output-files.xcfilelist",
			);
			runOnlyForDeploymentPostprocessing = 0;
			shellPath = /bin/sh;
			shellScript = "\"${PODS_ROOT}/Target Support Files/Pods-Todo iOS/Pods-Todo iOS-frameworks.sh\"\n";
			showEnvVarsInLog = 0;
		};
/* End PBXShellScriptBuildPhase section */

/* Begin PBXSourcesBuildPhase section */
		645F461A264D075000D4A467 /* Sources */ = {
			isa = PBXSourcesBuildPhase;
			buildActionMask = 2147483647;
			files = (
				643EB9BB26937683006DE187 /* EditItemViewController.swift in Sources */,
				645F463C264D0B2700D4A467 /* Constants.swift in Sources */,
				645F4626264D075000D4A467 /* TodoViewController.swift in Sources */,
				645F462C264D075000D4A467 /* Todo_iOS.xcdatamodeld in Sources */,
				6468B09626550ECA009AF28A /* SwipeTableViewController.swift in Sources */,
				645F4622264D075000D4A467 /* AppDelegate.swift in Sources */,
				646A7A9A26943E0D008E2E9F /* EditCategoryViewController.swift in Sources */,
				6442189C2653F93B00EA3138 /* CategoryViewController.swift in Sources */,
				645F4624264D075000D4A467 /* SceneDelegate.swift in Sources */,
			);
			runOnlyForDeploymentPostprocessing = 0;
		};
/* End PBXSourcesBuildPhase section */

/* Begin PBXVariantGroup section */
		645F4627264D075000D4A467 /* Main.storyboard */ = {
			isa = PBXVariantGroup;
			children = (
				645F4628264D075000D4A467 /* Base */,
			);
			name = Main.storyboard;
			sourceTree = "<group>";
		};
		645F462F264D075000D4A467 /* LaunchScreen.storyboard */ = {
			isa = PBXVariantGroup;
			children = (
				645F4630264D075000D4A467 /* Base */,
			);
			name = LaunchScreen.storyboard;
			sourceTree = "<group>";
		};
/* End PBXVariantGroup section */

/* Begin XCBuildConfiguration section */
		645F4633264D075000D4A467 /* Debug */ = {
			isa = XCBuildConfiguration;
			buildSettings = {
				ALWAYS_SEARCH_USER_PATHS = NO;
				CLANG_ANALYZER_NONNULL = YES;
				CLANG_ANALYZER_NUMBER_OBJECT_CONVERSION = YES_AGGRESSIVE;
				CLANG_CXX_LANGUAGE_STANDARD = "gnu++14";
				CLANG_CXX_LIBRARY = "libc++";
				CLANG_ENABLE_MODULES = YES;
				CLANG_ENABLE_OBJC_ARC = YES;
				CLANG_ENABLE_OBJC_WEAK = YES;
				CLANG_WARN_BLOCK_CAPTURE_AUTORELEASING = YES;
				CLANG_WARN_BOOL_CONVERSION = YES;
				CLANG_WARN_COMMA = YES;
				CLANG_WARN_CONSTANT_CONVERSION = YES;
				CLANG_WARN_DEPRECATED_OBJC_IMPLEMENTATIONS = YES;
				CLANG_WARN_DIRECT_OBJC_ISA_USAGE = YES_ERROR;
				CLANG_WARN_DOCUMENTATION_COMMENTS = YES;
				CLANG_WARN_EMPTY_BODY = YES;
				CLANG_WARN_ENUM_CONVERSION = YES;
				CLANG_WARN_INFINITE_RECURSION = YES;
				CLANG_WARN_INT_CONVERSION = YES;
				CLANG_WARN_NON_LITERAL_NULL_CONVERSION = YES;
				CLANG_WARN_OBJC_IMPLICIT_RETAIN_SELF = YES;
				CLANG_WARN_OBJC_LITERAL_CONVERSION = YES;
				CLANG_WARN_OBJC_ROOT_CLASS = YES_ERROR;
				CLANG_WARN_QUOTED_INCLUDE_IN_FRAMEWORK_HEADER = YES;
				CLANG_WARN_RANGE_LOOP_ANALYSIS = YES;
				CLANG_WARN_STRICT_PROTOTYPES = YES;
				CLANG_WARN_SUSPICIOUS_MOVE = YES;
				CLANG_WARN_UNGUARDED_AVAILABILITY = YES_AGGRESSIVE;
				CLANG_WARN_UNREACHABLE_CODE = YES;
				CLANG_WARN__DUPLICATE_METHOD_MATCH = YES;
				COPY_PHASE_STRIP = NO;
				DEBUG_INFORMATION_FORMAT = dwarf;
				ENABLE_STRICT_OBJC_MSGSEND = YES;
				ENABLE_TESTABILITY = YES;
				GCC_C_LANGUAGE_STANDARD = gnu11;
				GCC_DYNAMIC_NO_PIC = NO;
				GCC_NO_COMMON_BLOCKS = YES;
				GCC_OPTIMIZATION_LEVEL = 0;
				GCC_PREPROCESSOR_DEFINITIONS = (
					"DEBUG=1",
					"$(inherited)",
				);
				GCC_WARN_64_TO_32_BIT_CONVERSION = YES;
				GCC_WARN_ABOUT_RETURN_TYPE = YES_ERROR;
				GCC_WARN_UNDECLARED_SELECTOR = YES;
				GCC_WARN_UNINITIALIZED_AUTOS = YES_AGGRESSIVE;
				GCC_WARN_UNUSED_FUNCTION = YES;
				GCC_WARN_UNUSED_VARIABLE = YES;
				IPHONEOS_DEPLOYMENT_TARGET = 13.0;
				MTL_ENABLE_DEBUG_INFO = INCLUDE_SOURCE;
				MTL_FAST_MATH = YES;
				ONLY_ACTIVE_ARCH = YES;
				SDKROOT = iphoneos;
				SWIFT_ACTIVE_COMPILATION_CONDITIONS = DEBUG;
				SWIFT_OPTIMIZATION_LEVEL = "-Onone";
			};
			name = Debug;
		};
		645F4634264D075000D4A467 /* Release */ = {
			isa = XCBuildConfiguration;
			buildSettings = {
				ALWAYS_SEARCH_USER_PATHS = NO;
				CLANG_ANALYZER_NONNULL = YES;
				CLANG_ANALYZER_NUMBER_OBJECT_CONVERSION = YES_AGGRESSIVE;
				CLANG_CXX_LANGUAGE_STANDARD = "gnu++14";
				CLANG_CXX_LIBRARY = "libc++";
				CLANG_ENABLE_MODULES = YES;
				CLANG_ENABLE_OBJC_ARC = YES;
				CLANG_ENABLE_OBJC_WEAK = YES;
				CLANG_WARN_BLOCK_CAPTURE_AUTORELEASING = YES;
				CLANG_WARN_BOOL_CONVERSION = YES;
				CLANG_WARN_COMMA = YES;
				CLANG_WARN_CONSTANT_CONVERSION = YES;
				CLANG_WARN_DEPRECATED_OBJC_IMPLEMENTATIONS = YES;
				CLANG_WARN_DIRECT_OBJC_ISA_USAGE = YES_ERROR;
				CLANG_WARN_DOCUMENTATION_COMMENTS = YES;
				CLANG_WARN_EMPTY_BODY = YES;
				CLANG_WARN_ENUM_CONVERSION = YES;
				CLANG_WARN_INFINITE_RECURSION = YES;
				CLANG_WARN_INT_CONVERSION = YES;
				CLANG_WARN_NON_LITERAL_NULL_CONVERSION = YES;
				CLANG_WARN_OBJC_IMPLICIT_RETAIN_SELF = YES;
				CLANG_WARN_OBJC_LITERAL_CONVERSION = YES;
				CLANG_WARN_OBJC_ROOT_CLASS = YES_ERROR;
				CLANG_WARN_QUOTED_INCLUDE_IN_FRAMEWORK_HEADER = YES;
				CLANG_WARN_RANGE_LOOP_ANALYSIS = YES;
				CLANG_WARN_STRICT_PROTOTYPES = YES;
				CLANG_WARN_SUSPICIOUS_MOVE = YES;
				CLANG_WARN_UNGUARDED_AVAILABILITY = YES_AGGRESSIVE;
				CLANG_WARN_UNREACHABLE_CODE = YES;
				CLANG_WARN__DUPLICATE_METHOD_MATCH = YES;
				COPY_PHASE_STRIP = NO;
				DEBUG_INFORMATION_FORMAT = "dwarf-with-dsym";
				ENABLE_NS_ASSERTIONS = NO;
				ENABLE_STRICT_OBJC_MSGSEND = YES;
				GCC_C_LANGUAGE_STANDARD = gnu11;
				GCC_NO_COMMON_BLOCKS = YES;
				GCC_WARN_64_TO_32_BIT_CONVERSION = YES;
				GCC_WARN_ABOUT_RETURN_TYPE = YES_ERROR;
				GCC_WARN_UNDECLARED_SELECTOR = YES;
				GCC_WARN_UNINITIALIZED_AUTOS = YES_AGGRESSIVE;
				GCC_WARN_UNUSED_FUNCTION = YES;
				GCC_WARN_UNUSED_VARIABLE = YES;
				IPHONEOS_DEPLOYMENT_TARGET = 13.0;
				MTL_ENABLE_DEBUG_INFO = NO;
				MTL_FAST_MATH = YES;
				SDKROOT = iphoneos;
				SWIFT_COMPILATION_MODE = wholemodule;
				SWIFT_OPTIMIZATION_LEVEL = "-O";
				VALIDATE_PRODUCT = YES;
			};
			name = Release;
		};
		645F4636264D075000D4A467 /* Debug */ = {
			isa = XCBuildConfiguration;
			baseConfigurationReference = F9723A83C21D510763E40D13 /* Pods-Todo iOS.debug.xcconfig */;
			buildSettings = {
				ASSETCATALOG_COMPILER_APPICON_NAME = AppIcon;
				ASSETCATALOG_COMPILER_GLOBAL_ACCENT_COLOR_NAME = AccentColor;
				CODE_SIGN_STYLE = Automatic;
				DEVELOPMENT_TEAM = 453J5S23QT;
				INFOPLIST_FILE = "Todo iOS/Info.plist";
				LD_RUNPATH_SEARCH_PATHS = (
					"$(inherited)",
					"@executable_path/Frameworks",
				);
				PRODUCT_BUNDLE_IDENTIFIER = "com.shmorado.Todo-iOS";
				PRODUCT_NAME = "$(TARGET_NAME)";
				SWIFT_VERSION = 5.0;
				TARGETED_DEVICE_FAMILY = "1,2";
			};
			name = Debug;
		};
		645F4637264D075000D4A467 /* Release */ = {
			isa = XCBuildConfiguration;
			baseConfigurationReference = C8CE1A4DA03BC2E046375EB1 /* Pods-Todo iOS.release.xcconfig */;
			buildSettings = {
				ASSETCATALOG_COMPILER_APPICON_NAME = AppIcon;
				ASSETCATALOG_COMPILER_GLOBAL_ACCENT_COLOR_NAME = AccentColor;
				CODE_SIGN_STYLE = Automatic;
				DEVELOPMENT_TEAM = 453J5S23QT;
				INFOPLIST_FILE = "Todo iOS/Info.plist";
				LD_RUNPATH_SEARCH_PATHS = (
					"$(inherited)",
					"@executable_path/Frameworks",
				);
				PRODUCT_BUNDLE_IDENTIFIER = "com.shmorado.Todo-iOS";
				PRODUCT_NAME = "$(TARGET_NAME)";
				SWIFT_VERSION = 5.0;
				TARGETED_DEVICE_FAMILY = "1,2";
			};
			name = Release;
		};
/* End XCBuildConfiguration section */

/* Begin XCConfigurationList section */
		645F4619264D075000D4A467 /* Build configuration list for PBXProject "Todo iOS" */ = {
			isa = XCConfigurationList;
			buildConfigurations = (
				645F4633264D075000D4A467 /* Debug */,
				645F4634264D075000D4A467 /* Release */,
			);
			defaultConfigurationIsVisible = 0;
			defaultConfigurationName = Release;
		};
		645F4635264D075000D4A467 /* Build configuration list for PBXNativeTarget "Todo iOS" */ = {
			isa = XCConfigurationList;
			buildConfigurations = (
				645F4636264D075000D4A467 /* Debug */,
				645F4637264D075000D4A467 /* Release */,
			);
			defaultConfigurationIsVisible = 0;
			defaultConfigurationName = Release;
		};
/* End XCConfigurationList section */

/* Begin XCVersionGroup section */
		645F462A264D075000D4A467 /* Todo_iOS.xcdatamodeld */ = {
			isa = XCVersionGroup;
			children = (
				645F462B264D075000D4A467 /* Todo_iOS.xcdatamodel */,
			);
			currentVersion = 645F462B264D075000D4A467 /* Todo_iOS.xcdatamodel */;
			path = Todo_iOS.xcdatamodeld;
			sourceTree = "<group>";
			versionGroupType = wrapper.xcdatamodel;
		};
/* End XCVersionGroup section */
	};
	rootObject = 645F4616264D075000D4A467 /* Project object */;
}
